
Microsoft Visual Studio Solution File, Format Version 12.00
# Visual Studio Version 16
VisualStudioVersion = 16.0.31129.286
MinimumVisualStudioVersion = 10.0.40219.1
Project("{FAE04EC0-301F-11D3-BF4B-00C04F79EFBC}") = "AppWeb", "AppWeb\AppWeb.csproj", "{BDA3B9DF-C770-4974-9DDA-FB70287E9B8F}"
EndProject
Global
	GlobalSection(SolutionConfigurationPlatforms) = preSolution
		Debug|Any CPU = Debug|Any CPU
		Release|Any CPU = Release|Any CPU
	EndGlobalSection
	GlobalSection(ProjectConfigurationPlatforms) = postSolution
		{BDA3B9DF-C770-4974-9DDA-FB70287E9B8F}.Debug|Any CPU.ActiveCfg = Debug|Any CPU
		{BDA3B9DF-C770-4974-9DDA-FB70287E9B8F}.Debug|Any CPU.Build.0 = Debug|Any CPU
		{BDA3B9DF-C770-4974-9DDA-FB70287E9B8F}.Release|Any CPU.ActiveCfg = Release|Any CPU
		{BDA3B9DF-C770-4974-9DDA-FB70287E9B8F}.Release|Any CPU.Build.0 = Release|Any CPU
	EndGlobalSection
	GlobalSection(SolutionProperties) = preSolution
		HideSolutionNode = FALSE
	EndGlobalSection
	GlobalSection(ExtensibilityGlobals) = postSolution
		SolutionGuid = {7C000A97-BCF7-4786-A191-63095F8FFBD7}
	EndGlobalSection
EndGlobal
